// !$*UTF8*$!
{
	archiveVersion = 1;
	classes = {
	};
	objectVersion = 46;
	objects = {

/* Begin PBXBuildFile section */
		F70DE22E19ADAE0400E4486F /* Foundation.framework in Frameworks */ = {isa = PBXBuildFile; fileRef = F70DE22D19ADAE0400E4486F /* Foundation.framework */; };
		F70DE23019ADAE0400E4486F /* CoreGraphics.framework in Frameworks */ = {isa = PBXBuildFile; fileRef = F70DE22F19ADAE0400E4486F /* CoreGraphics.framework */; };
		F70DE23219ADAE0400E4486F /* UIKit.framework in Frameworks */ = {isa = PBXBuildFile; fileRef = F70DE23119ADAE0400E4486F /* UIKit.framework */; };
		F70DE23819ADAE0400E4486F /* InfoPlist.strings in Resources */ = {isa = PBXBuildFile; fileRef = F70DE23619ADAE0400E4486F /* InfoPlist.strings */; };
		F70DE23A19ADAE0400E4486F /* main.m in Sources */ = {isa = PBXBuildFile; fileRef = F70DE23919ADAE0400E4486F /* main.m */; };
		F70DE23E19ADAE0400E4486F /* SNAppDelegate.m in Sources */ = {isa = PBXBuildFile; fileRef = F70DE23D19ADAE0400E4486F /* SNAppDelegate.m */; };
		F70DE24119ADAE0400E4486F /* Main.storyboard in Resources */ = {isa = PBXBuildFile; fileRef = F70DE23F19ADAE0400E4486F /* Main.storyboard */; };
		F70DE24419ADAE0400E4486F /* SNViewController.m in Sources */ = {isa = PBXBuildFile; fileRef = F70DE24319ADAE0400E4486F /* SNViewController.m */; };
		F70DE24619ADAE0400E4486F /* Images.xcassets in Resources */ = {isa = PBXBuildFile; fileRef = F70DE24519ADAE0400E4486F /* Images.xcassets */; };
		F70DE24D19ADAE0400E4486F /* XCTest.framework in Frameworks */ = {isa = PBXBuildFile; fileRef = F70DE24C19ADAE0400E4486F /* XCTest.framework */; };
		F70DE24E19ADAE0400E4486F /* Foundation.framework in Frameworks */ = {isa = PBXBuildFile; fileRef = F70DE22D19ADAE0400E4486F /* Foundation.framework */; };
		F70DE24F19ADAE0400E4486F /* UIKit.framework in Frameworks */ = {isa = PBXBuildFile; fileRef = F70DE23119ADAE0400E4486F /* UIKit.framework */; };
		F70DE25719ADAE0400E4486F /* InfoPlist.strings in Resources */ = {isa = PBXBuildFile; fileRef = F70DE25519ADAE0400E4486F /* InfoPlist.strings */; };
		F70DE25919ADAE0400E4486F /* SampleCollectionViewTests.m in Sources */ = {isa = PBXBuildFile; fileRef = F70DE25819ADAE0400E4486F /* SampleCollectionViewTests.m */; };
		F70DE26419ADAFEB00E4486F /* SNCollectionViewFlowLayout.m in Sources */ = {isa = PBXBuildFile; fileRef = F70DE26319ADAFEB00E4486F /* SNCollectionViewFlowLayout.m */; };
		F70DE26719ADBE4900E4486F /* SNCustomCell.m in Sources */ = {isa = PBXBuildFile; fileRef = F70DE26619ADBE4900E4486F /* SNCustomCell.m */; };
/* End PBXBuildFile section */

/* Begin PBXContainerItemProxy section */
		F70DE25019ADAE0400E4486F /* PBXContainerItemProxy */ = {
			isa = PBXContainerItemProxy;
			containerPortal = F70DE22219ADAE0400E4486F /* Project object */;
			proxyType = 1;
			remoteGlobalIDString = F70DE22919ADAE0400E4486F;
			remoteInfo = SampleCollectionView;
		};
/* End PBXContainerItemProxy section */

/* Begin PBXFileReference section */
		F70DE22A19ADAE0400E4486F /* SampleCollectionView.app */ = {isa = PBXFileReference; explicitFileType = wrapper.application; includeInIndex = 0; path = SampleCollectionView.app; sourceTree = BUILT_PRODUCTS_DIR; };
		F70DE22D19ADAE0400E4486F /* Foundation.framework */ = {isa = PBXFileReference; lastKnownFileType = wrapper.framework; name = Foundation.framework; path = System/Library/Frameworks/Foundation.framework; sourceTree = SDKROOT; };
		F70DE22F19ADAE0400E4486F /* CoreGraphics.framework */ = {isa = PBXFileReference; lastKnownFileType = wrapper.framework; name = CoreGraphics.framework; path = System/Library/Frameworks/CoreGraphics.framework; sourceTree = SDKROOT; };
		F70DE23119ADAE0400E4486F /* UIKit.framework */ = {isa = PBXFileReference; lastKnownFileType = wrapper.framework; name = UIKit.framework; path = System/Library/Frameworks/UIKit.framework; sourceTree = SDKROOT; };
		F70DE23519ADAE0400E4486F /* SampleCollectionView-Info.plist */ = {isa = PBXFileReference; lastKnownFileType = text.plist.xml; path = "SampleCollectionView-Info.plist"; sourceTree = "<group>"; };
		F70DE23719ADAE0400E4486F /* en */ = {isa = PBXFileReference; lastKnownFileType = text.plist.strings; name = en; path = en.lproj/InfoPlist.strings; sourceTree = "<group>"; };
		F70DE23919ADAE0400E4486F /* main.m */ = {isa = PBXFileReference; lastKnownFileType = sourcecode.c.objc; path = main.m; sourceTree = "<group>"; };
		F70DE23B19ADAE0400E4486F /* SampleCollectionView-Prefix.pch */ = {isa = PBXFileReference; lastKnownFileType = sourcecode.c.h; path = "SampleCollectionView-Prefix.pch"; sourceTree = "<group>"; };
		F70DE23C19ADAE0400E4486F /* SNAppDelegate.h */ = {isa = PBXFileReference; lastKnownFileType = sourcecode.c.h; path = SNAppDelegate.h; sourceTree = "<group>"; };
		F70DE23D19ADAE0400E4486F /* SNAppDelegate.m */ = {isa = PBXFileReference; lastKnownFileType = sourcecode.c.objc; path = SNAppDelegate.m; sourceTree = "<group>"; };
		F70DE24019ADAE0400E4486F /* Base */ = {isa = PBXFileReference; lastKnownFileType = file.storyboard; name = Base; path = Base.lproj/Main.storyboard; sourceTree = "<group>"; };
		F70DE24219ADAE0400E4486F /* SNViewController.h */ = {isa = PBXFileReference; lastKnownFileType = sourcecode.c.h; path = SNViewController.h; sourceTree = "<group>"; };
		F70DE24319ADAE0400E4486F /* SNViewController.m */ = {isa = PBXFileReference; lastKnownFileType = sourcecode.c.objc; path = SNViewController.m; sourceTree = "<group>"; };
		F70DE24519ADAE0400E4486F /* Images.xcassets */ = {isa = PBXFileReference; lastKnownFileType = folder.assetcatalog; path = Images.xcassets; sourceTree = "<group>"; };
		F70DE24B19ADAE0400E4486F /* SampleCollectionViewTests.xctest */ = {isa = PBXFileReference; explicitFileType = wrapper.cfbundle; includeInIndex = 0; path = SampleCollectionViewTests.xctest; sourceTree = BUILT_PRODUCTS_DIR; };
		F70DE24C19ADAE0400E4486F /* XCTest.framework */ = {isa = PBXFileReference; lastKnownFileType = wrapper.framework; name = XCTest.framework; path = Library/Frameworks/XCTest.framework; sourceTree = DEVELOPER_DIR; };
		F70DE25419ADAE0400E4486F /* SampleCollectionViewTests-Info.plist */ = {isa = PBXFileReference; lastKnownFileType = text.plist.xml; path = "SampleCollectionViewTests-Info.plist"; sourceTree = "<group>"; };
		F70DE25619ADAE0400E4486F /* en */ = {isa = PBXFileReference; lastKnownFileType = text.plist.strings; name = en; path = en.lproj/InfoPlist.strings; sourceTree = "<group>"; };
		F70DE25819ADAE0400E4486F /* SampleCollectionViewTests.m */ = {isa = PBXFileReference; lastKnownFileType = sourcecode.c.objc; path = SampleCollectionViewTests.m; sourceTree = "<group>"; };
		F70DE26219ADAFEB00E4486F /* SNCollectionViewFlowLayout.h */ = {isa = PBXFileReference; fileEncoding = 4; lastKnownFileType = sourcecode.c.h; path = SNCollectionViewFlowLayout.h; sourceTree = "<group>"; };
		F70DE26319ADAFEB00E4486F /* SNCollectionViewFlowLayout.m */ = {isa = PBXFileReference; fileEncoding = 4; lastKnownFileType = sourcecode.c.objc; path = SNCollectionViewFlowLayout.m; sourceTree = "<group>"; };
		F70DE26519ADBE4900E4486F /* SNCustomCell.h */ = {isa = PBXFileReference; fileEncoding = 4; lastKnownFileType = sourcecode.c.h; path = SNCustomCell.h; sourceTree = "<group>"; };
		F70DE26619ADBE4900E4486F /* SNCustomCell.m */ = {isa = PBXFileReference; fileEncoding = 4; lastKnownFileType = sourcecode.c.objc; path = SNCustomCell.m; sourceTree = "<group>"; };
/* End PBXFileReference section */

/* Begin PBXFrameworksBuildPhase section */
		F70DE22719ADAE0400E4486F /* Frameworks */ = {
			isa = PBXFrameworksBuildPhase;
			buildActionMask = 2147483647;
			files = (
				F70DE23019ADAE0400E4486F /* CoreGraphics.framework in Frameworks */,
				F70DE23219ADAE0400E4486F /* UIKit.framework in Frameworks */,
				F70DE22E19ADAE0400E4486F /* Foundation.framework in Frameworks */,
			);
			runOnlyForDeploymentPostprocessing = 0;
		};
		F70DE24819ADAE0400E4486F /* Frameworks */ = {
			isa = PBXFrameworksBuildPhase;
			buildActionMask = 2147483647;
			files = (
				F70DE24D19ADAE0400E4486F /* XCTest.framework in Frameworks */,
				F70DE24F19ADAE0400E4486F /* UIKit.framework in Frameworks */,
				F70DE24E19ADAE0400E4486F /* Foundation.framework in Frameworks */,
			);
			runOnlyForDeploymentPostprocessing = 0;
		};
/* End PBXFrameworksBuildPhase section */

/* Begin PBXGroup section */
		F70DE22119ADAE0400E4486F = {
			isa = PBXGroup;
			children = (
				F70DE23319ADAE0400E4486F /* SampleCollectionView */,
				F70DE25219ADAE0400E4486F /* SampleCollectionViewTests */,
				F70DE22C19ADAE0400E4486F /* Frameworks */,
				F70DE22B19ADAE0400E4486F /* Products */,
			);
			sourceTree = "<group>";
		};
		F70DE22B19ADAE0400E4486F /* Products */ = {
			isa = PBXGroup;
			children = (
				F70DE22A19ADAE0400E4486F /* SampleCollectionView.app */,
				F70DE24B19ADAE0400E4486F /* SampleCollectionViewTests.xctest */,
			);
			name = Products;
			sourceTree = "<group>";
		};
		F70DE22C19ADAE0400E4486F /* Frameworks */ = {
			isa = PBXGroup;
			children = (
				F70DE22D19ADAE0400E4486F /* Foundation.framework */,
				F70DE22F19ADAE0400E4486F /* CoreGraphics.framework */,
				F70DE23119ADAE0400E4486F /* UIKit.framework */,
				F70DE24C19ADAE0400E4486F /* XCTest.framework */,
			);
			name = Frameworks;
			sourceTree = "<group>";
		};
		F70DE23319ADAE0400E4486F /* SampleCollectionView */ = {
			isa = PBXGroup;
			children = (
				F70DE23C19ADAE0400E4486F /* SNAppDelegate.h */,
				F70DE23D19ADAE0400E4486F /* SNAppDelegate.m */,
				F70DE23F19ADAE0400E4486F /* Main.storyboard */,
				F70DE26519ADBE4900E4486F /* SNCustomCell.h */,
				F70DE26619ADBE4900E4486F /* SNCustomCell.m */,
				F70DE26219ADAFEB00E4486F /* SNCollectionViewFlowLayout.h */,
				F70DE26319ADAFEB00E4486F /* SNCollectionViewFlowLayout.m */,
				F70DE24219ADAE0400E4486F /* SNViewController.h */,
				F70DE24319ADAE0400E4486F /* SNViewController.m */,
				F70DE24519ADAE0400E4486F /* Images.xcassets */,
				F70DE23419ADAE0400E4486F /* Supporting Files */,
			);
			path = SampleCollectionView;
			sourceTree = "<group>";
		};
		F70DE23419ADAE0400E4486F /* Supporting Files */ = {
			isa = PBXGroup;
			children = (
				F70DE23519ADAE0400E4486F /* SampleCollectionView-Info.plist */,
				F70DE23619ADAE0400E4486F /* InfoPlist.strings */,
				F70DE23919ADAE0400E4486F /* main.m */,
				F70DE23B19ADAE0400E4486F /* SampleCollectionView-Prefix.pch */,
			);
			name = "Supporting Files";
			sourceTree = "<group>";
		};
		F70DE25219ADAE0400E4486F /* SampleCollectionViewTests */ = {
			isa = PBXGroup;
			children = (
				F70DE25819ADAE0400E4486F /* SampleCollectionViewTests.m */,
				F70DE25319ADAE0400E4486F /* Supporting Files */,
			);
			path = SampleCollectionViewTests;
			sourceTree = "<group>";
		};
		F70DE25319ADAE0400E4486F /* Supporting Files */ = {
			isa = PBXGroup;
			children = (
				F70DE25419ADAE0400E4486F /* SampleCollectionViewTests-Info.plist */,
				F70DE25519ADAE0400E4486F /* InfoPlist.strings */,
			);
			name = "Supporting Files";
			sourceTree = "<group>";
		};
/* End PBXGroup section */

/* Begin PBXNativeTarget section */
		F70DE22919ADAE0400E4486F /* SampleCollectionView */ = {
			isa = PBXNativeTarget;
			buildConfigurationList = F70DE25C19ADAE0400E4486F /* Build configuration list for PBXNativeTarget "SampleCollectionView" */;
			buildPhases = (
				F70DE22619ADAE0400E4486F /* Sources */,
				F70DE22719ADAE0400E4486F /* Frameworks */,
				F70DE22819ADAE0400E4486F /* Resources */,
			);
			buildRules = (
			);
			dependencies = (
			);
			name = SampleCollectionView;
			productName = SampleCollectionView;
			productReference = F70DE22A19ADAE0400E4486F /* SampleCollectionView.app */;
			productType = "com.apple.product-type.application";
		};
		F70DE24A19ADAE0400E4486F /* SampleCollectionViewTests */ = {
			isa = PBXNativeTarget;
			buildConfigurationList = F70DE25F19ADAE0400E4486F /* Build configuration list for PBXNativeTarget "SampleCollectionViewTests" */;
			buildPhases = (
				F70DE24719ADAE0400E4486F /* Sources */,
				F70DE24819ADAE0400E4486F /* Frameworks */,
				F70DE24919ADAE0400E4486F /* Resources */,
			);
			buildRules = (
			);
			dependencies = (
				F70DE25119ADAE0400E4486F /* PBXTargetDependency */,
			);
			name = SampleCollectionViewTests;
			productName = SampleCollectionViewTests;
			productReference = F70DE24B19ADAE0400E4486F /* SampleCollectionViewTests.xctest */;
			productType = "com.apple.product-type.bundle.unit-test";
		};
/* End PBXNativeTarget section */

/* Begin PBXProject section */
		F70DE22219ADAE0400E4486F /* Project object */ = {
			isa = PBXProject;
			attributes = {
				CLASSPREFIX = SN;
				LastUpgradeCheck = 0510;
				ORGANIZATIONNAME = SourceN;
				TargetAttributes = {
					F70DE24A19ADAE0400E4486F = {
						TestTargetID = F70DE22919ADAE0400E4486F;
					};
				};
			};
			buildConfigurationList = F70DE22519ADAE0400E4486F /* Build configuration list for PBXProject "SampleCollectionView" */;
			compatibilityVersion = "Xcode 3.2";
			developmentRegion = English;
			hasScannedForEncodings = 0;
			knownRegions = (
				en,
				Base,
			);
			mainGroup = F70DE22119ADAE0400E4486F;
			productRefGroup = F70DE22B19ADAE0400E4486F /* Products */;
			projectDirPath = "";
			projectRoot = "";
			targets = (
				F70DE22919ADAE0400E4486F /* SampleCollectionView */,
				F70DE24A19ADAE0400E4486F /* SampleCollectionViewTests */,
			);
		};
/* End PBXProject section */

/* Begin PBXResourcesBuildPhase section */
		F70DE22819ADAE0400E4486F /* Resources */ = {
			isa = PBXResourcesBuildPhase;
			buildActionMask = 2147483647;
			files = (
				F70DE24619ADAE0400E4486F /* Images.xcassets in Resources */,
				F70DE23819ADAE0400E4486F /* InfoPlist.strings in Resources */,
				F70DE24119ADAE0400E4486F /* Main.storyboard in Resources */,
			);
			runOnlyForDeploymentPostprocessing = 0;
		};
		F70DE24919ADAE0400E4486F /* Resources */ = {
			isa = PBXResourcesBuildPhase;
			buildActionMask = 2147483647;
			files = (
				F70DE25719ADAE0400E4486F /* InfoPlist.strings in Resources */,
			);
			runOnlyForDeploymentPostprocessing = 0;
		};
/* End PBXResourcesBuildPhase section */

/* Begin PBXSourcesBuildPhase section */
		F70DE22619ADAE0400E4486F /* Sources */ = {
			isa = PBXSourcesBuildPhase;
			buildActionMask = 2147483647;
			files = (
				F70DE26719ADBE4900E4486F /* SNCustomCell.m in Sources */,
				F70DE23A19ADAE0400E4486F /* main.m in Sources */,
				F70DE26419ADAFEB00E4486F /* SNCollectionViewFlowLayout.m in Sources */,
				F70DE24419ADAE0400E4486F /* SNViewController.m in Sources */,
				F70DE23E19ADAE0400E4486F /* SNAppDelegate.m in Sources */,
			);
			runOnlyForDeploymentPostprocessing = 0;
		};
		F70DE24719ADAE0400E4486F /* Sources */ = {
			isa = PBXSourcesBuildPhase;
			buildActionMask = 2147483647;
			files = (
				F70DE25919ADAE0400E4486F /* SampleCollectionViewTests.m in Sources */,
			);
			runOnlyForDeploymentPostprocessing = 0;
		};
/* End PBXSourcesBuildPhase section */

/* Begin PBXTargetDependency section */
		F70DE25119ADAE0400E4486F /* PBXTargetDependency */ = {
			isa = PBXTargetDependency;
			target = F70DE22919ADAE0400E4486F /* SampleCollectionView */;
			targetProxy = F70DE25019ADAE0400E4486F /* PBXContainerItemProxy */;
		};
/* End PBXTargetDependency section */

/* Begin PBXVariantGroup section */
		F70DE23619ADAE0400E4486F /* InfoPlist.strings */ = {
			isa = PBXVariantGroup;
			children = (
				F70DE23719ADAE0400E4486F /* en */,
			);
			name = InfoPlist.strings;
			sourceTree = "<group>";
		};
		F70DE23F19ADAE0400E4486F /* Main.storyboard */ = {
			isa = PBXVariantGroup;
			children = (
				F70DE24019ADAE0400E4486F /* Base */,
			);
			name = Main.storyboard;
			sourceTree = "<group>";
		};
		F70DE25519ADAE0400E4486F /* InfoPlist.strings */ = {
			isa = PBXVariantGroup;
			children = (
				F70DE25619ADAE0400E4486F /* en */,
			);
			name = InfoPlist.strings;
			sourceTree = "<group>";
		};
/* End PBXVariantGroup section */

/* Begin XCBuildConfiguration section */
		F70DE25A19ADAE0400E4486F /* Debug */ = {
			isa = XCBuildConfiguration;
			buildSettings = {
				ALWAYS_SEARCH_USER_PATHS = NO;
				CLANG_CXX_LANGUAGE_STANDARD = "gnu++0x";
				CLANG_CXX_LIBRARY = "libc++";
				CLANG_ENABLE_MODULES = YES;
				CLANG_ENABLE_OBJC_ARC = YES;
				CLANG_WARN_BOOL_CONVERSION = YES;
				CLANG_WARN_CONSTANT_CONVERSION = YES;
				CLANG_WARN_DIRECT_OBJC_ISA_USAGE = YES_ERROR;
				CLANG_WARN_EMPTY_BODY = YES;
				CLANG_WARN_ENUM_CONVERSION = YES;
				CLANG_WARN_INT_CONVERSION = YES;
				CLANG_WARN_OBJC_ROOT_CLASS = YES_ERROR;
				CLANG_WARN__DUPLICATE_METHOD_MATCH = YES;
				"CODE_SIGN_IDENTITY[sdk=iphoneos*]" = "iPhone Developer";
				COPY_PHASE_STRIP = NO;
				GCC_C_LANGUAGE_STANDARD = gnu99;
				GCC_DYNAMIC_NO_PIC = NO;
				GCC_OPTIMIZATION_LEVEL = 0;
				GCC_PREPROCESSOR_DEFINITIONS = (
					"DEBUG=1",
					"$(inherited)",
				);
				GCC_SYMBOLS_PRIVATE_EXTERN = NO;
				GCC_WARN_64_TO_32_BIT_CONVERSION = YES;
				GCC_WARN_ABOUT_RETURN_TYPE = YES_ERROR;
				GCC_WARN_UNDECLARED_SELECTOR = YES;
				GCC_WARN_UNINITIALIZED_AUTOS = YES_AGGRESSIVE;
				GCC_WARN_UNUSED_FUNCTION = YES;
				GCC_WARN_UNUSED_VARIABLE = YES;
				IPHONEOS_DEPLOYMENT_TARGET = 7.1;
				ONLY_ACTIVE_ARCH = YES;
				SDKROOT = iphoneos;
			};
			name = Debug;
		};
		F70DE25B19ADAE0400E4486F /* Release */ = {
			isa = XCBuildConfiguration;
			buildSettings = {
				ALWAYS_SEARCH_USER_PATHS = NO;
				CLANG_CXX_LANGUAGE_STANDARD = "gnu++0x";
				CLANG_CXX_LIBRARY = "libc++";
				CLANG_ENABLE_MODULES = YES;
				CLANG_ENABLE_OBJC_ARC = YES;
				CLANG_WARN_BOOL_CONVERSION = YES;
				CLANG_WARN_CONSTANT_CONVERSION = YES;
				CLANG_WARN_DIRECT_OBJC_ISA_USAGE = YES_ERROR;
				CLANG_WARN_EMPTY_BODY = YES;
				CLANG_WARN_ENUM_CONVERSION = YES;
				CLANG_WARN_INT_CONVERSION = YES;
				CLANG_WARN_OBJC_ROOT_CLASS = YES_ERROR;
				CLANG_WARN__DUPLICATE_METHOD_MATCH = YES;
				"CODE_SIGN_IDENTITY[sdk=iphoneos*]" = "iPhone Developer";
				COPY_PHASE_STRIP = YES;
				ENABLE_NS_ASSERTIONS = NO;
				GCC_C_LANGUAGE_STANDARD = gnu99;
				GCC_WARN_64_TO_32_BIT_CONVERSION = YES;
				GCC_WARN_ABOUT_RETURN_TYPE = YES_ERROR;
				GCC_WARN_UNDECLARED_SELECTOR = YES;
				GCC_WARN_UNINITIALIZED_AUTOS = YES_AGGRESSIVE;
				GCC_WARN_UNUSED_FUNCTION = YES;
				GCC_WARN_UNUSED_VARIABLE = YES;
				IPHONEOS_DEPLOYMENT_TARGET = 7.1;
				SDKROOT = iphoneos;
				VALIDATE_PRODUCT = YES;
			};
			name = Release;
		};
		F70DE25D19ADAE0400E4486F /* Debug */ = {
			isa = XCBuildConfiguration;
			buildSettings = {
				ASSETCATALOG_COMPILER_APPICON_NAME = AppIcon;
				ASSETCATALOG_COMPILER_LAUNCHIMAGE_NAME = LaunchImage;
				GCC_PRECOMPILE_PREFIX_HEADER = YES;
				GCC_PREFIX_HEADER = "SampleCollectionView/SampleCollectionView-Prefix.pch";
				INFOPLIST_FILE = "SampleCollectionView/SampleCollectionView-Info.plist";
				PRODUCT_NAME = "$(TARGET_NAME)";
				WRAPPER_EXTENSION = app;
			};
			name = Debug;
		};
		F70DE25E19ADAE0400E4486F /* Release */ = {
			isa = XCBuildConfiguration;
			buildSettings = {
				ASSETCATALOG_COMPILER_APPICON_NAME = AppIcon;
				ASSETCATALOG_COMPILER_LAUNCHIMAGE_NAME = LaunchImage;
				GCC_PRECOMPILE_PREFIX_HEADER = YES;
				GCC_PREFIX_HEADER = "SampleCollectionView/SampleCollectionView-Prefix.pch";
				INFOPLIST_FILE = "SampleCollectionView/SampleCollectionView-Info.plist";
				PRODUCT_NAME = "$(TARGET_NAME)";
				WRAPPER_EXTENSION = app;
			};
			name = Release;
		};
		F70DE26019ADAE0400E4486F /* Debug */ = {
			isa = XCBuildConfiguration;
			buildSettings = {
				BUNDLE_LOADER = "$(BUILT_PRODUCTS_DIR)/SampleCollectionView.app/SampleCollectionView";
				FRAMEWORK_SEARCH_PATHS = (
					"$(SDKROOT)/Developer/Library/Frameworks",
					"$(inherited)",
					"$(DEVELOPER_FRAMEWORKS_DIR)",
				);
				GCC_PRECOMPILE_PREFIX_HEADER = YES;
				GCC_PREFIX_HEADER = "SampleCollectionView/SampleCollectionView-Prefix.pch";
				GCC_PREPROCESSOR_DEFINITIONS = (
					"DEBUG=1",
					"$(inherited)",
				);
				INFOPLIST_FILE = "SampleCollectionViewTests/SampleCollectionViewTests-Info.plist";
				PRODUCT_NAME = "$(TARGET_NAME)";
				TEST_HOST = "$(BUNDLE_LOADER)";
				WRAPPER_EXTENSION = xctest;
			};
			name = Debug;
		};
		F70DE26119ADAE0400E4486F /* Release */ = {
			isa = XCBuildConfiguration;
			buildSettings = {
				BUNDLE_LOADER = "$(BUILT_PRODUCTS_DIR)/SampleCollectionView.app/SampleCollectionView";
				FRAMEWORK_SEARCH_PATHS = (
					"$(SDKROOT)/Developer/Library/Frameworks",
					"$(inherited)",
					"$(DEVELOPER_FRAMEWORKS_DIR)",
				);
				GCC_PRECOMPILE_PREFIX_HEADER = YES;
				GCC_PREFIX_HEADER = "SampleCollectionView/SampleCollectionView-Prefix.pch";
				INFOPLIST_FILE = "SampleCollectionViewTests/SampleCollectionViewTests-Info.plist";
				PRODUCT_NAME = "$(TARGET_NAME)";
				TEST_HOST = "$(BUNDLE_LOADER)";
				WRAPPER_EXTENSION = xctest;
			};
			name = Release;
		};
/* End XCBuildConfiguration section */

/* Begin XCConfigurationList section */
		F70DE22519ADAE0400E4486F /* Build configuration list for PBXProject "SampleCollectionView" */ = {
			isa = XCConfigurationList;
			buildConfigurations = (
				F70DE25A19ADAE0400E4486F /* Debug */,
				F70DE25B19ADAE0400E4486F /* Release */,
			);
			defaultConfigurationIsVisible = 0;
			defaultConfigurationName = Release;
		};
		F70DE25C19ADAE0400E4486F /* Build configuration list for PBXNativeTarget "SampleCollectionView" */ = {
			isa = XCConfigurationList;
			buildConfigurations = (
				F70DE25D19ADAE0400E4486F /* Debug */,
				F70DE25E19ADAE0400E4486F /* Release */,
			);
			defaultConfigurationIsVisible = 0;
		};
		F70DE25F19ADAE0400E4486F /* Build configuration list for PBXNativeTarget "SampleCollectionViewTests" */ = {
			isa = XCConfigurationList;
			buildConfigurations = (
				F70DE26019ADAE0400E4486F /* Debug */,
				F70DE26119ADAE0400E4486F /* Release */,
			);
			defaultConfigurationIsVisible = 0;
		};
/* End XCConfigurationList section */
	};
	rootObject = F70DE22219ADAE0400E4486F /* Project object */;
}
